{
  "projects": [
    {
      "projectId": "caTPwKxj5ZrD9LQ7DMdK4Z",
      "version": "3.7.0",
      "dependencies": {},
      "lang": "ts",
      "fileLocks": [
        {
          "assetId": "caTPwKxj5ZrD9LQ7DMdK4Z",
          "type": "projectCss",
          "checksum": "aa63a5b554dbb8686bd002694c97ce15"
        }
      ],
      "codegenVersion": "0.0.1"
    },
    {
      "projectId": "YUiM7yqBWAqsh8KSnrdj7",
      "version": "0.7.0",
      "dependencies": {},
      "lang": "ts",
      "fileLocks": [
        {
          "assetId": "YUiM7yqBWAqsh8KSnrdj7",
          "type": "projectCss",
          "checksum": "2fbd4f1271251181eddf2a18b4fa3566"
        }
      ],
      "codegenVersion": "0.0.1"
    },
    {
      "projectId": "r3ASNrnyvLLLAtDvzUioQ",
      "version": "3.6.0",
      "dependencies": {},
      "lang": "ts",
      "fileLocks": [
        {
          "assetId": "r3ASNrnyvLLLAtDvzUioQ",
          "type": "projectCss",
          "checksum": "668b3f8867e6f1f1be365092621a0289"
        }
      ],
      "codegenVersion": "0.0.1"
    },
    {
      "projectId": "kJshciSJnYYFfXZkFQ39on",
      "version": "latest",
      "dependencies": {
        "r3ASNrnyvLLLAtDvzUioQ": "3.6.0",
        "YUiM7yqBWAqsh8KSnrdj7": "0.7.0",
        "caTPwKxj5ZrD9LQ7DMdK4Z": "3.7.0"
      },
      "lang": "ts",
      "fileLocks": [
        {
          "type": "globalVariant",
          "assetId": "Q35_1NNxh_IiU",
          "checksum": "b22fe337cc44e5583b162e68670c8810"
        },
        {
          "assetId": "kJshciSJnYYFfXZkFQ39on",
          "type": "projectCss",
          "checksum": "77ad0ba6e69f41d56d1dbf132f6e65d3"
        },
        {
          "type": "renderModule",
          "assetId": "W4rdttX1TF",
          "checksum": "3da386f7707010c24fcf1b294590952e"
        },
        {
          "type": "cssRules",
          "assetId": "W4rdttX1TF",
          "checksum": "3da386f7707010c24fcf1b294590952e"
        },
        {
          "type": "renderModule",
          "assetId": "SzZbMNAxr_",
          "checksum": "7aca3b7b4e7981f12f293b6bc3b16fc4"
        },
        {
          "type": "cssRules",
          "assetId": "SzZbMNAxr_",
          "checksum": "7aca3b7b4e7981f12f293b6bc3b16fc4"
        },
        {
          "type": "renderModule",
          "assetId": "AyrTywh7_c",
          "checksum": "acbff850a0f20b64bfbe91dac2f90adb"
        },
        {
          "type": "cssRules",
          "assetId": "AyrTywh7_c",
          "checksum": "acbff850a0f20b64bfbe91dac2f90adb"
        },
        {
          "type": "renderModule",
          "assetId": "t_0Z-tS1oOM",
          "checksum": "e046f0c13eaee181ec9f2b5157b58b69"
        },
        {
          "type": "cssRules",
          "assetId": "t_0Z-tS1oOM",
          "checksum": "e046f0c13eaee181ec9f2b5157b58b69"
        },
        {
          "type": "renderModule",
          "assetId": "v3lLZq-QeI",
          "checksum": "0bbb06cede8408a21efa0e4952260fcb"
        },
        {
          "type": "cssRules",
          "assetId": "v3lLZq-QeI",
          "checksum": "0bbb06cede8408a21efa0e4952260fcb"
        },
        {
          "type": "renderModule",
          "assetId": "ajXkiB3_J8",
          "checksum": "2f5c88d9f44c8852bf2043455690a52b"
        },
        {
          "type": "cssRules",
          "assetId": "ajXkiB3_J8",
          "checksum": "2f5c88d9f44c8852bf2043455690a52b"
        },
        {
          "type": "renderModule",
          "assetId": "l0A0ozTXtP",
          "checksum": "c4aaf74514bbe95b477ef49b581e3322"
        },
        {
          "type": "cssRules",
          "assetId": "l0A0ozTXtP",
          "checksum": "c4aaf74514bbe95b477ef49b581e3322"
        },
        {
          "type": "renderModule",
          "assetId": "_fa5mVL2su",
          "checksum": "bb7f4dcf3a3d88b595e5c130d84782f7"
        },
        {
          "type": "cssRules",
          "assetId": "_fa5mVL2su",
          "checksum": "bb7f4dcf3a3d88b595e5c130d84782f7"
        },
        {
          "type": "renderModule",
          "assetId": "NK-nIR9-HV",
          "checksum": "ca5734f7026ded6bd2a8eb875b437a04"
        },
        {
          "type": "cssRules",
          "assetId": "NK-nIR9-HV",
          "checksum": "ca5734f7026ded6bd2a8eb875b437a04"
        },
        {
          "type": "renderModule",
          "assetId": "ohS2mnvFyx",
          "checksum": "8657a835101294b6c9ed71ad916bcf47"
        },
        {
          "type": "cssRules",
          "assetId": "ohS2mnvFyx",
          "checksum": "8657a835101294b6c9ed71ad916bcf47"
        },
        {
          "type": "renderModule",
          "assetId": "_MP3tO9_wf",
          "checksum": "cb933a767cee5eb34636cfe736356441"
        },
        {
          "type": "cssRules",
          "assetId": "_MP3tO9_wf",
          "checksum": "cb933a767cee5eb34636cfe736356441"
        },
        {
          "type": "renderModule",
          "assetId": "Vbe0R7LOWOi",
          "checksum": "4a212bff424f3386d70783a8d869fb56"
        },
        {
          "type": "cssRules",
          "assetId": "Vbe0R7LOWOi",
          "checksum": "4a212bff424f3386d70783a8d869fb56"
        },
        {
          "type": "renderModule",
          "assetId": "QAldq9KY4Yp",
          "checksum": "e113218e7da2a49d8d0b43bd4bdd73e3"
        },
        {
          "type": "cssRules",
          "assetId": "QAldq9KY4Yp",
          "checksum": "e113218e7da2a49d8d0b43bd4bdd73e3"
        },
        {
          "type": "renderModule",
          "assetId": "aY8ZIa1KnE",
          "checksum": "d13294882d82f2fd66173f33a8a21263"
        },
        {
          "type": "cssRules",
          "assetId": "aY8ZIa1KnE",
          "checksum": "d13294882d82f2fd66173f33a8a21263"
        },
        {
          "type": "renderModule",
          "assetId": "L6wHNgu9QA",
          "checksum": "061bb66166193c35584ec51631164efb"
        },
        {
          "type": "cssRules",
          "assetId": "L6wHNgu9QA",
          "checksum": "061bb66166193c35584ec51631164efb"
        },
        {
          "type": "renderModule",
          "assetId": "mKhxhGuxUJn",
          "checksum": "964b6eed29253d660f74d4c9ccf84f0f"
        },
        {
          "type": "cssRules",
          "assetId": "mKhxhGuxUJn",
          "checksum": "964b6eed29253d660f74d4c9ccf84f0f"
        },
        {
          "type": "renderModule",
          "assetId": "yX83gCulZxH",
          "checksum": "8b317b3eff622ae64cc8b850f15fea55"
        },
        {
          "type": "cssRules",
          "assetId": "yX83gCulZxH",
          "checksum": "8b317b3eff622ae64cc8b850f15fea55"
        },
        {
          "type": "renderModule",
          "assetId": "shfBYW_Ixy_",
          "checksum": "5f90f64b67056e22b69b4f869cecbb77"
        },
        {
          "type": "cssRules",
          "assetId": "shfBYW_Ixy_",
          "checksum": "5f90f64b67056e22b69b4f869cecbb77"
        },
        {
          "type": "renderModule",
          "assetId": "qgCFZwGfysN",
          "checksum": "9dde9d2979b40165ee8f5d5f88e56de0"
        },
        {
          "type": "cssRules",
          "assetId": "qgCFZwGfysN",
          "checksum": "9dde9d2979b40165ee8f5d5f88e56de0"
        },
        {
          "type": "icon",
          "assetId": "a4AtesqE6S",
          "checksum": "03721d6250f281a1f31910ae09ad0ef0"
        },
        {
          "type": "icon",
          "assetId": "r5cn7eC_vQ",
          "checksum": "195c0827ce29cdae374eab7b2668d9d8"
        },
        {
          "type": "icon",
          "assetId": "8-aKz_yM1IT",
          "checksum": "2790f9af47fb0d8f8c56801b459d2fb7"
        },
        {
          "type": "icon",
          "assetId": "LPwNS5ZgtbG",
          "checksum": "5ed90e1a65a299fbfe85338ec4c1e206"
        },
        {
          "type": "icon",
          "assetId": "ThX7Zo7yQv",
          "checksum": "fc5ba4cb0e9f46f86ee501ef120ebff9"
        },
        {
          "type": "icon",
          "assetId": "U-gHe871pG",
          "checksum": "a36fe16a5765a1ce047b36eca294b552"
        },
        {
          "type": "icon",
          "assetId": "NmwHWg7pBE",
          "checksum": "269488daff4065750cf2fe8d38526130"
        },
        {
          "type": "icon",
          "assetId": "Rtg_kZ7nG9",
          "checksum": "d0662ea800d6e4c4fceb84030233903d"
        },
        {
          "type": "icon",
          "assetId": "vv18ywxnSr",
          "checksum": "c3f4ff9b3582dc74f0194659dfa53d66"
        },
        {
          "type": "icon",
          "assetId": "R3afhS8X6",
          "checksum": "991e271d9238358d6ca42faaa4d8b19a"
        },
        {
          "type": "icon",
          "assetId": "he7aeO-L0I",
          "checksum": "3b932b3185d518e1f0974033593a3e6b"
        },
        {
          "type": "icon",
          "assetId": "i36Dxs6GrK",
          "checksum": "25fe6400706245314e9fcffbba26897e"
        },
        {
          "type": "icon",
          "assetId": "-kqp2bUgPx",
          "checksum": "0ae276d14c4f1927451224924d4de0d6"
        },
        {
          "type": "icon",
          "assetId": "yJFzqf9nY_",
          "checksum": "46491a130c3499b61b591af71ad53560"
        },
        {
          "type": "icon",
          "assetId": "tDobXGCGJ",
          "checksum": "0a235ee337e65b3b2b3a84659eb65a3f"
        },
        {
          "type": "icon",
          "assetId": "7FDGBH8Op_",
          "checksum": "2eec12303665f9d6dc54290de9e7681e"
        },
        {
          "type": "icon",
          "assetId": "g4nMidwHcU",
          "checksum": "c280a82e5fe8d2556b23580b73964bba"
        },
        {
          "type": "icon",
          "assetId": "XL8tHAy8i5",
          "checksum": "e6043300af9fa0b357d6a1419e72358e"
        },
        {
          "type": "icon",
          "assetId": "dZlb7SIaoZ",
          "checksum": "be764423c375578f47266c3cd194808c"
        },
        {
          "type": "icon",
          "assetId": "5vGS7_Kitw",
          "checksum": "dc9da91c204b155ba5be82fb10b8caea"
        },
        {
          "type": "icon",
          "assetId": "Td7kEzCKCQ",
          "checksum": "20138dc3d0bbe9912033162d55c1149a"
        },
        {
          "type": "icon",
          "assetId": "Oq_IxxqAcw",
          "checksum": "2036306e31966ad0feb0a537be624c85"
        },
        {
          "type": "icon",
          "assetId": "QFjgQnbSgV",
          "checksum": "17f6affd310e8d37c42ebb429efb0fe0"
        },
        {
          "type": "icon",
          "assetId": "v60ReaIjon",
          "checksum": "bd0b9c405054ecb84cc06d6d7303a746"
        },
        {
          "type": "icon",
          "assetId": "DPjKooRGG7",
          "checksum": "b1ef7f29206aa6132e2adf5a8724c557"
        },
        {
          "type": "icon",
          "assetId": "n_FzhpbrLv0",
          "checksum": "c80d12432cd5b807a76dbe671f6beceb"
        },
        {
          "type": "icon",
          "assetId": "qwJ_POyvQBU",
          "checksum": "7450cef776a20c4eae8fc47fa83b6eb3"
        },
        {
          "type": "image",
          "assetId": "eU-ptycSg",
          "checksum": "f1a7843cc2b4aeec1a391cacc275f108"
        },
        {
          "type": "image",
          "assetId": "pn4OecBsO",
          "checksum": "d6150572068da5c65e135d8b15eb72cd"
        },
        {
          "type": "image",
          "assetId": "zcHP0YTzy",
          "checksum": "f874c6c2a0cf8c5522da2a49ff161ac1"
        },
        {
          "type": "image",
          "assetId": "d5R9tDrJb",
          "checksum": "78cbddd1024347deda5ca492bcbee8e8"
        },
        {
          "type": "image",
          "assetId": "cbJJejSc8",
          "checksum": "42d02e343ec1ecd95e1ef4faf4332239"
        },
        {
          "type": "image",
          "assetId": "uJKtjJMN-",
          "checksum": "455ba51d7c5ff00bae120f8636b487bd"
        },
        {
          "type": "image",
          "assetId": "gpdXmTtWf",
          "checksum": "51e23ca37ed143f95041a58c88e1d306"
        },
        {
          "type": "image",
          "assetId": "QrNCBiy-n",
          "checksum": "c753254474cbc88912104176ae633b2a"
        },
        {
          "type": "image",
          "assetId": "NKXg4SBQr",
          "checksum": "5c37b2d38ef11be7a819a17f184a4249"
        },
        {
          "type": "image",
          "assetId": "Jj-b1w4iF",
          "checksum": "c72bf3cf1b6c251f83a780dce7393134"
        },
        {
          "type": "image",
          "assetId": "AeGTr3LEa",
          "checksum": "6da8c67c436334fce02793c6891917b4"
        },
        {
          "type": "image",
          "assetId": "hQp3qGS1b",
          "checksum": "aa0c974276a1955b4d663080d3f3a667"
        },
        {
          "type": "image",
          "assetId": "IwM4I9aWq",
          "checksum": "f9f14a314cf4b8eeea69361fba64d251"
        }
      ],
      "codegenVersion": "0.0.1"
    }
  ],
  "cliVersion": "0.1.189"
}
